
Microsoft Visual Studio Solution File, Format Version 12.00
# Visual Studio Version 16
VisualStudioVersion = 16.0.30225.117
MinimumVisualStudioVersion = 10.0.40219.1
Project("{FAE04EC0-301F-11D3-BF4B-00C04F79EFBC}") = "ExchangeNumbers", "ConsoleApp1\ExchangeNumbers.csproj", "{CCBCAA72-D153-46C2-B7C2-6FEB0D5FF816}"
EndProject
Project("{FAE04EC0-301F-11D3-BF4B-00C04F79EFBC}") = "CelsiusToFahrenheit", "AddNumbers\CelsiusToFahrenheit.csproj", "{E5648DB7-2636-4839-BA3A-418994B043C4}"
EndProject
Project("{FAE04EC0-301F-11D3-BF4B-00C04F79EFBC}") = "LargestOfThree", "LargestOfThree\LargestOfThree.csproj", "{C1D488CA-3D59-465F-AE7E-E5D46CBF242B}"
EndProject
Project("{FAE04EC0-301F-11D3-BF4B-00C04F79EFBC}") = "Factorial", "Factorial\Factorial.csproj", "{9DE8B127-B0A9-4264-84A7-4C3ADEFB25B5}"
EndProject
Project("{FAE04EC0-301F-11D3-BF4B-00C04F79EFBC}") = "NumberOfDigits", "NumberOfDigits\NumberOfDigits.csproj", "{B0734795-E763-423E-8AEF-AB8B970DE7E3}"
EndProject
Global
	GlobalSection(SolutionConfigurationPlatforms) = preSolution
		Debug|Any CPU = Debug|Any CPU
		Release|Any CPU = Release|Any CPU
	EndGlobalSection
	GlobalSection(ProjectConfigurationPlatforms) = postSolution
		{CCBCAA72-D153-46C2-B7C2-6FEB0D5FF816}.Debug|Any CPU.ActiveCfg = Debug|Any CPU
		{CCBCAA72-D153-46C2-B7C2-6FEB0D5FF816}.Debug|Any CPU.Build.0 = Debug|Any CPU
		{CCBCAA72-D153-46C2-B7C2-6FEB0D5FF816}.Release|Any CPU.ActiveCfg = Release|Any CPU
		{CCBCAA72-D153-46C2-B7C2-6FEB0D5FF816}.Release|Any CPU.Build.0 = Release|Any CPU
		{E5648DB7-2636-4839-BA3A-418994B043C4}.Debug|Any CPU.ActiveCfg = Debug|Any CPU
		{E5648DB7-2636-4839-BA3A-418994B043C4}.Debug|Any CPU.Build.0 = Debug|Any CPU
		{E5648DB7-2636-4839-BA3A-418994B043C4}.Release|Any CPU.ActiveCfg = Release|Any CPU
		{E5648DB7-2636-4839-BA3A-418994B043C4}.Release|Any CPU.Build.0 = Release|Any CPU
		{C1D488CA-3D59-465F-AE7E-E5D46CBF242B}.Debug|Any CPU.ActiveCfg = Debug|Any CPU
		{C1D488CA-3D59-465F-AE7E-E5D46CBF242B}.Debug|Any CPU.Build.0 = Debug|Any CPU
		{C1D488CA-3D59-465F-AE7E-E5D46CBF242B}.Release|Any CPU.ActiveCfg = Release|Any CPU
		{C1D488CA-3D59-465F-AE7E-E5D46CBF242B}.Release|Any CPU.Build.0 = Release|Any CPU
		{9DE8B127-B0A9-4264-84A7-4C3ADEFB25B5}.Debug|Any CPU.ActiveCfg = Debug|Any CPU
		{9DE8B127-B0A9-4264-84A7-4C3ADEFB25B5}.Debug|Any CPU.Build.0 = Debug|Any CPU
		{9DE8B127-B0A9-4264-84A7-4C3ADEFB25B5}.Release|Any CPU.ActiveCfg = Release|Any CPU
		{9DE8B127-B0A9-4264-84A7-4C3ADEFB25B5}.Release|Any CPU.Build.0 = Release|Any CPU
		{B0734795-E763-423E-8AEF-AB8B970DE7E3}.Debug|Any CPU.ActiveCfg = Debug|Any CPU
		{B0734795-E763-423E-8AEF-AB8B970DE7E3}.Debug|Any CPU.Build.0 = Debug|Any CPU
		{B0734795-E763-423E-8AEF-AB8B970DE7E3}.Release|Any CPU.ActiveCfg = Release|Any CPU
		{B0734795-E763-423E-8AEF-AB8B970DE7E3}.Release|Any CPU.Build.0 = Release|Any CPU
	EndGlobalSection
	GlobalSection(SolutionProperties) = preSolution
		HideSolutionNode = FALSE
	EndGlobalSection
	GlobalSection(ExtensibilityGlobals) = postSolution
		SolutionGuid = {E328E97A-F1DC-45C0-835C-4100CC4C8240}
	EndGlobalSection
EndGlobal
